// !$*UTF8*$!
{
	archiveVersion = 1;
	classes = {
	};
	objectVersion = 55;
	objects = {

/* Begin PBXBuildFile section */
		F91084AF28FAA4EE005D7734 /* AuthError.swift in Sources */ = {isa = PBXBuildFile; fileRef = F91084AE28FAA4EE005D7734 /* AuthError.swift */; };
		F96DF64228F7287600CE376E /* AppDelegate.swift in Sources */ = {isa = PBXBuildFile; fileRef = F96DF64128F7287600CE376E /* AppDelegate.swift */; };
		F96DF64428F7287600CE376E /* SceneDelegate.swift in Sources */ = {isa = PBXBuildFile; fileRef = F96DF64328F7287600CE376E /* SceneDelegate.swift */; };
		F96DF64B28F7287900CE376E /* Assets.xcassets in Resources */ = {isa = PBXBuildFile; fileRef = F96DF64A28F7287900CE376E /* Assets.xcassets */; };
		F96DF64E28F7287900CE376E /* LaunchScreen.storyboard in Resources */ = {isa = PBXBuildFile; fileRef = F96DF64C28F7287900CE376E /* LaunchScreen.storyboard */; };
		F96DF65628F7363B00CE376E /* AuthConfigurator.swift in Sources */ = {isa = PBXBuildFile; fileRef = F96DF65528F7363B00CE376E /* AuthConfigurator.swift */; };
		F96DF65928F736A100CE376E /* AuthViewController.swift in Sources */ = {isa = PBXBuildFile; fileRef = F96DF65828F736A100CE376E /* AuthViewController.swift */; };
		F96DF65B28F736B700CE376E /* AuthInteractor.swift in Sources */ = {isa = PBXBuildFile; fileRef = F96DF65A28F736B700CE376E /* AuthInteractor.swift */; };
		F96DF65D28F736CB00CE376E /* AuthPresenter.swift in Sources */ = {isa = PBXBuildFile; fileRef = F96DF65C28F736CB00CE376E /* AuthPresenter.swift */; };
		F96DF66828F74BF600CE376E /* Ubuntu-Medium.ttf in Resources */ = {isa = PBXBuildFile; fileRef = F96DF65F28F74BF600CE376E /* Ubuntu-Medium.ttf */; };
		F96DF66928F74BF600CE376E /* Ubuntu-LightItalic.ttf in Resources */ = {isa = PBXBuildFile; fileRef = F96DF66028F74BF600CE376E /* Ubuntu-LightItalic.ttf */; };
		F96DF66A28F74BF600CE376E /* Ubuntu-Regular.ttf in Resources */ = {isa = PBXBuildFile; fileRef = F96DF66128F74BF600CE376E /* Ubuntu-Regular.ttf */; };
		F96DF66B28F74BF600CE376E /* Ubuntu-Bold.ttf in Resources */ = {isa = PBXBuildFile; fileRef = F96DF66228F74BF600CE376E /* Ubuntu-Bold.ttf */; };
		F96DF66C28F74BF600CE376E /* Ubuntu-MediumItalic.ttf in Resources */ = {isa = PBXBuildFile; fileRef = F96DF66328F74BF600CE376E /* Ubuntu-MediumItalic.ttf */; };
		F96DF66D28F74BF600CE376E /* Ubuntu-BoldItalic.ttf in Resources */ = {isa = PBXBuildFile; fileRef = F96DF66428F74BF600CE376E /* Ubuntu-BoldItalic.ttf */; };
		F96DF66E28F74BF600CE376E /* Ubuntu-Italic.ttf in Resources */ = {isa = PBXBuildFile; fileRef = F96DF66528F74BF600CE376E /* Ubuntu-Italic.ttf */; };
		F96DF66F28F74BF600CE376E /* Ubuntu-Light.ttf in Resources */ = {isa = PBXBuildFile; fileRef = F96DF66628F74BF600CE376E /* Ubuntu-Light.ttf */; };
		F96DF67028F74BF600CE376E /* UFL.txt in Resources */ = {isa = PBXBuildFile; fileRef = F96DF66728F74BF600CE376E /* UFL.txt */; };
		F96DF67228F754EF00CE376E /* AuthModels.swift in Sources */ = {isa = PBXBuildFile; fileRef = F96DF67128F754EF00CE376E /* AuthModels.swift */; };
		F96DF67428F757F700CE376E /* AuthViewFrame.swift in Sources */ = {isa = PBXBuildFile; fileRef = F96DF67328F757F700CE376E /* AuthViewFrame.swift */; };
		F96DF67728F759C500CE376E /* AuthStageView.swift in Sources */ = {isa = PBXBuildFile; fileRef = F96DF67628F759C500CE376E /* AuthStageView.swift */; };
		F96DF67A28F75A3800CE376E /* FieldStageView.swift in Sources */ = {isa = PBXBuildFile; fileRef = F96DF67928F75A3800CE376E /* FieldStageView.swift */; };
		F9D8C5F728FA0DF300FA0FE0 /* UIExtensions.swift in Sources */ = {isa = PBXBuildFile; fileRef = F9D8C5F628FA0DF300FA0FE0 /* UIExtensions.swift */; };
		F9D8C5FA28FA0E2500FA0FE0 /* ToastController.swift in Sources */ = {isa = PBXBuildFile; fileRef = F9D8C5F928FA0E2500FA0FE0 /* ToastController.swift */; };
/* End PBXBuildFile section */

/* Begin PBXFileReference section */
		F91084AE28FAA4EE005D7734 /* AuthError.swift */ = {isa = PBXFileReference; lastKnownFileType = sourcecode.swift; path = AuthError.swift; sourceTree = "<group>"; };
		F96DF63E28F7287600CE376E /* Fanfic-ios-App.app */ = {isa = PBXFileReference; explicitFileType = wrapper.application; includeInIndex = 0; path = "Fanfic-ios-App.app"; sourceTree = BUILT_PRODUCTS_DIR; };
		F96DF64128F7287600CE376E /* AppDelegate.swift */ = {isa = PBXFileReference; lastKnownFileType = sourcecode.swift; path = AppDelegate.swift; sourceTree = "<group>"; };
		F96DF64328F7287600CE376E /* SceneDelegate.swift */ = {isa = PBXFileReference; lastKnownFileType = sourcecode.swift; path = SceneDelegate.swift; sourceTree = "<group>"; };
		F96DF64A28F7287900CE376E /* Assets.xcassets */ = {isa = PBXFileReference; lastKnownFileType = folder.assetcatalog; path = Assets.xcassets; sourceTree = "<group>"; };
		F96DF64D28F7287900CE376E /* Base */ = {isa = PBXFileReference; lastKnownFileType = file.storyboard; name = Base; path = Base.lproj/LaunchScreen.storyboard; sourceTree = "<group>"; };
		F96DF64F28F7287900CE376E /* Info.plist */ = {isa = PBXFileReference; lastKnownFileType = text.plist.xml; path = Info.plist; sourceTree = "<group>"; };
		F96DF65528F7363B00CE376E /* AuthConfigurator.swift */ = {isa = PBXFileReference; lastKnownFileType = sourcecode.swift; path = AuthConfigurator.swift; sourceTree = "<group>"; };
		F96DF65828F736A100CE376E /* AuthViewController.swift */ = {isa = PBXFileReference; lastKnownFileType = sourcecode.swift; path = AuthViewController.swift; sourceTree = "<group>"; };
		F96DF65A28F736B700CE376E /* AuthInteractor.swift */ = {isa = PBXFileReference; lastKnownFileType = sourcecode.swift; path = AuthInteractor.swift; sourceTree = "<group>"; };
		F96DF65C28F736CB00CE376E /* AuthPresenter.swift */ = {isa = PBXFileReference; lastKnownFileType = sourcecode.swift; path = AuthPresenter.swift; sourceTree = "<group>"; };
		F96DF65F28F74BF600CE376E /* Ubuntu-Medium.ttf */ = {isa = PBXFileReference; lastKnownFileType = file; path = "Ubuntu-Medium.ttf"; sourceTree = "<group>"; };
		F96DF66028F74BF600CE376E /* Ubuntu-LightItalic.ttf */ = {isa = PBXFileReference; lastKnownFileType = file; path = "Ubuntu-LightItalic.ttf"; sourceTree = "<group>"; };
		F96DF66128F74BF600CE376E /* Ubuntu-Regular.ttf */ = {isa = PBXFileReference; lastKnownFileType = file; path = "Ubuntu-Regular.ttf"; sourceTree = "<group>"; };
		F96DF66228F74BF600CE376E /* Ubuntu-Bold.ttf */ = {isa = PBXFileReference; lastKnownFileType = file; path = "Ubuntu-Bold.ttf"; sourceTree = "<group>"; };
		F96DF66328F74BF600CE376E /* Ubuntu-MediumItalic.ttf */ = {isa = PBXFileReference; lastKnownFileType = file; path = "Ubuntu-MediumItalic.ttf"; sourceTree = "<group>"; };
		F96DF66428F74BF600CE376E /* Ubuntu-BoldItalic.ttf */ = {isa = PBXFileReference; lastKnownFileType = file; path = "Ubuntu-BoldItalic.ttf"; sourceTree = "<group>"; };
		F96DF66528F74BF600CE376E /* Ubuntu-Italic.ttf */ = {isa = PBXFileReference; lastKnownFileType = file; path = "Ubuntu-Italic.ttf"; sourceTree = "<group>"; };
		F96DF66628F74BF600CE376E /* Ubuntu-Light.ttf */ = {isa = PBXFileReference; lastKnownFileType = file; path = "Ubuntu-Light.ttf"; sourceTree = "<group>"; };
		F96DF66728F74BF600CE376E /* UFL.txt */ = {isa = PBXFileReference; fileEncoding = 4; lastKnownFileType = text; path = UFL.txt; sourceTree = "<group>"; };
		F96DF67128F754EF00CE376E /* AuthModels.swift */ = {isa = PBXFileReference; lastKnownFileType = sourcecode.swift; path = AuthModels.swift; sourceTree = "<group>"; };
		F96DF67328F757F700CE376E /* AuthViewFrame.swift */ = {isa = PBXFileReference; lastKnownFileType = sourcecode.swift; path = AuthViewFrame.swift; sourceTree = "<group>"; };
		F96DF67628F759C500CE376E /* AuthStageView.swift */ = {isa = PBXFileReference; lastKnownFileType = sourcecode.swift; path = AuthStageView.swift; sourceTree = "<group>"; };
		F96DF67928F75A3800CE376E /* FieldStageView.swift */ = {isa = PBXFileReference; lastKnownFileType = sourcecode.swift; path = FieldStageView.swift; sourceTree = "<group>"; };
		F9D8C5F628FA0DF300FA0FE0 /* UIExtensions.swift */ = {isa = PBXFileReference; lastKnownFileType = sourcecode.swift; path = UIExtensions.swift; sourceTree = "<group>"; };
		F9D8C5F928FA0E2500FA0FE0 /* ToastController.swift */ = {isa = PBXFileReference; lastKnownFileType = sourcecode.swift; path = ToastController.swift; sourceTree = "<group>"; };
/* End PBXFileReference section */

/* Begin PBXFrameworksBuildPhase section */
		F96DF63B28F7287600CE376E /* Frameworks */ = {
			isa = PBXFrameworksBuildPhase;
			buildActionMask = 2147483647;
			files = (
			);
			runOnlyForDeploymentPostprocessing = 0;
		};
/* End PBXFrameworksBuildPhase section */

/* Begin PBXGroup section */
		F91084B028FAA4F7005D7734 /* Models */ = {
			isa = PBXGroup;
			children = (
				F91084AE28FAA4EE005D7734 /* AuthError.swift */,
			);
			path = Models;
			sourceTree = "<group>";
		};
		F96DF63528F7287600CE376E = {
			isa = PBXGroup;
			children = (
				F96DF64028F7287600CE376E /* Fanfic-ios-App */,
				F96DF63F28F7287600CE376E /* Products */,
			);
			sourceTree = "<group>";
		};
		F96DF63F28F7287600CE376E /* Products */ = {
			isa = PBXGroup;
			children = (
				F96DF63E28F7287600CE376E /* Fanfic-ios-App.app */,
			);
			name = Products;
			sourceTree = "<group>";
		};
		F96DF64028F7287600CE376E /* Fanfic-ios-App */ = {
			isa = PBXGroup;
			children = (
				F96DF65E28F74BF600CE376E /* Fonts */,
				F96DF64128F7287600CE376E /* AppDelegate.swift */,
				F96DF64328F7287600CE376E /* SceneDelegate.swift */,
				F9D8C5F928FA0E2500FA0FE0 /* ToastController.swift */,
				F91084B028FAA4F7005D7734 /* Models */,
				F9D8C5F828FA0DF900FA0FE0 /* Extensions */,
				F96DF65728F7365E00CE376E /* Auth */,
				F96DF64A28F7287900CE376E /* Assets.xcassets */,
				F96DF64C28F7287900CE376E /* LaunchScreen.storyboard */,
				F96DF64F28F7287900CE376E /* Info.plist */,
			);
			path = "Fanfic-ios-App";
			sourceTree = "<group>";
		};
		F96DF65728F7365E00CE376E /* Auth */ = {
			isa = PBXGroup;
			children = (
				F96DF67528F7580E00CE376E /* Subviews */,
				F96DF65828F736A100CE376E /* AuthViewController.swift */,
				F96DF65A28F736B700CE376E /* AuthInteractor.swift */,
				F96DF65C28F736CB00CE376E /* AuthPresenter.swift */,
				F96DF65528F7363B00CE376E /* AuthConfigurator.swift */,
				F96DF67128F754EF00CE376E /* AuthModels.swift */,
			);
			path = Auth;
			sourceTree = "<group>";
		};
		F96DF65E28F74BF600CE376E /* Fonts */ = {
			isa = PBXGroup;
			children = (
				F96DF65F28F74BF600CE376E /* Ubuntu-Medium.ttf */,
				F96DF66028F74BF600CE376E /* Ubuntu-LightItalic.ttf */,
				F96DF66128F74BF600CE376E /* Ubuntu-Regular.ttf */,
				F96DF66228F74BF600CE376E /* Ubuntu-Bold.ttf */,
				F96DF66328F74BF600CE376E /* Ubuntu-MediumItalic.ttf */,
				F96DF66428F74BF600CE376E /* Ubuntu-BoldItalic.ttf */,
				F96DF66528F74BF600CE376E /* Ubuntu-Italic.ttf */,
				F96DF66628F74BF600CE376E /* Ubuntu-Light.ttf */,
				F96DF66728F74BF600CE376E /* UFL.txt */,
			);
			path = Fonts;
			sourceTree = "<group>";
		};
		F96DF67528F7580E00CE376E /* Subviews */ = {
			isa = PBXGroup;
			children = (
				F96DF67828F759E600CE376E /* StageViews */,
				F96DF67328F757F700CE376E /* AuthViewFrame.swift */,
			);
			path = Subviews;
			sourceTree = "<group>";
		};
		F96DF67828F759E600CE376E /* StageViews */ = {
			isa = PBXGroup;
			children = (
				F96DF67628F759C500CE376E /* AuthStageView.swift */,
				F96DF67928F75A3800CE376E /* FieldStageView.swift */,
			);
			path = StageViews;
			sourceTree = "<group>";
		};
		F9D8C5F828FA0DF900FA0FE0 /* Extensions */ = {
			isa = PBXGroup;
			children = (
				F9D8C5F628FA0DF300FA0FE0 /* UIExtensions.swift */,
			);
			path = Extensions;
			sourceTree = "<group>";
		};
/* End PBXGroup section */

/* Begin PBXNativeTarget section */
		F96DF63D28F7287600CE376E /* Fanfic-ios-App */ = {
			isa = PBXNativeTarget;
			buildConfigurationList = F96DF65228F7287900CE376E /* Build configuration list for PBXNativeTarget "Fanfic-ios-App" */;
			buildPhases = (
				F96DF63A28F7287600CE376E /* Sources */,
				F96DF63B28F7287600CE376E /* Frameworks */,
				F96DF63C28F7287600CE376E /* Resources */,
			);
			buildRules = (
			);
			dependencies = (
			);
			name = "Fanfic-ios-App";
			productName = "Fanfic-ios-App";
			productReference = F96DF63E28F7287600CE376E /* Fanfic-ios-App.app */;
			productType = "com.apple.product-type.application";
		};
/* End PBXNativeTarget section */

/* Begin PBXProject section */
		F96DF63628F7287600CE376E /* Project object */ = {
			isa = PBXProject;
			attributes = {
				BuildIndependentTargetsInParallel = 1;
				LastSwiftUpdateCheck = 1340;
				LastUpgradeCheck = 1340;
				TargetAttributes = {
					F96DF63D28F7287600CE376E = {
						CreatedOnToolsVersion = 13.4.1;
					};
				};
			};
			buildConfigurationList = F96DF63928F7287600CE376E /* Build configuration list for PBXProject "Fanfic-ios-App" */;
			compatibilityVersion = "Xcode 13.0";
			developmentRegion = en;
			hasScannedForEncodings = 0;
			knownRegions = (
				en,
				Base,
			);
			mainGroup = F96DF63528F7287600CE376E;
			productRefGroup = F96DF63F28F7287600CE376E /* Products */;
			projectDirPath = "";
			projectRoot = "";
			targets = (
				F96DF63D28F7287600CE376E /* Fanfic-ios-App */,
			);
		};
/* End PBXProject section */

/* Begin PBXResourcesBuildPhase section */
		F96DF63C28F7287600CE376E /* Resources */ = {
			isa = PBXResourcesBuildPhase;
			buildActionMask = 2147483647;
			files = (
				F96DF66D28F74BF600CE376E /* Ubuntu-BoldItalic.ttf in Resources */,
				F96DF66C28F74BF600CE376E /* Ubuntu-MediumItalic.ttf in Resources */,
				F96DF66F28F74BF600CE376E /* Ubuntu-Light.ttf in Resources */,
				F96DF66928F74BF600CE376E /* Ubuntu-LightItalic.ttf in Resources */,
				F96DF64E28F7287900CE376E /* LaunchScreen.storyboard in Resources */,
				F96DF66E28F74BF600CE376E /* Ubuntu-Italic.ttf in Resources */,
				F96DF67028F74BF600CE376E /* UFL.txt in Resources */,
				F96DF66B28F74BF600CE376E /* Ubuntu-Bold.ttf in Resources */,
				F96DF64B28F7287900CE376E /* Assets.xcassets in Resources */,
				F96DF66A28F74BF600CE376E /* Ubuntu-Regular.ttf in Resources */,
				F96DF66828F74BF600CE376E /* Ubuntu-Medium.ttf in Resources */,
			);
			runOnlyForDeploymentPostprocessing = 0;
		};
/* End PBXResourcesBuildPhase section */

/* Begin PBXSourcesBuildPhase section */
		F96DF63A28F7287600CE376E /* Sources */ = {
			isa = PBXSourcesBuildPhase;
			buildActionMask = 2147483647;
			files = (
				F96DF65D28F736CB00CE376E /* AuthPresenter.swift in Sources */,
				F96DF64228F7287600CE376E /* AppDelegate.swift in Sources */,
				F96DF67728F759C500CE376E /* AuthStageView.swift in Sources */,
				F9D8C5FA28FA0E2500FA0FE0 /* ToastController.swift in Sources */,
				F96DF65B28F736B700CE376E /* AuthInteractor.swift in Sources */,
				F96DF65928F736A100CE376E /* AuthViewController.swift in Sources */,
				F9D8C5F728FA0DF300FA0FE0 /* UIExtensions.swift in Sources */,
				F96DF67228F754EF00CE376E /* AuthModels.swift in Sources */,
				F91084AF28FAA4EE005D7734 /* AuthError.swift in Sources */,
				F96DF67A28F75A3800CE376E /* FieldStageView.swift in Sources */,
				F96DF64428F7287600CE376E /* SceneDelegate.swift in Sources */,
				F96DF67428F757F700CE376E /* AuthViewFrame.swift in Sources */,
				F96DF65628F7363B00CE376E /* AuthConfigurator.swift in Sources */,
			);
			runOnlyForDeploymentPostprocessing = 0;
		};
/* End PBXSourcesBuildPhase section */

/* Begin PBXVariantGroup section */
		F96DF64C28F7287900CE376E /* LaunchScreen.storyboard */ = {
			isa = PBXVariantGroup;
			children = (
				F96DF64D28F7287900CE376E /* Base */,
			);
			name = LaunchScreen.storyboard;
			sourceTree = "<group>";
		};
/* End PBXVariantGroup section */

/* Begin XCBuildConfiguration section */
		F96DF65028F7287900CE376E /* Debug */ = {
			isa = XCBuildConfiguration;
			buildSettings = {
				ALWAYS_SEARCH_USER_PATHS = NO;
				CLANG_ANALYZER_NONNULL = YES;
				CLANG_ANALYZER_NUMBER_OBJECT_CONVERSION = YES_AGGRESSIVE;
				CLANG_CXX_LANGUAGE_STANDARD = "gnu++17";
				CLANG_ENABLE_MODULES = YES;
				CLANG_ENABLE_OBJC_ARC = YES;
				CLANG_ENABLE_OBJC_WEAK = YES;
				CLANG_WARN_BLOCK_CAPTURE_AUTORELEASING = YES;
				CLANG_WARN_BOOL_CONVERSION = YES;
				CLANG_WARN_COMMA = YES;
				CLANG_WARN_CONSTANT_CONVERSION = YES;
				CLANG_WARN_DEPRECATED_OBJC_IMPLEMENTATIONS = YES;
				CLANG_WARN_DIRECT_OBJC_ISA_USAGE = YES_ERROR;
				CLANG_WARN_DOCUMENTATION_COMMENTS = YES;
				CLANG_WARN_EMPTY_BODY = YES;
				CLANG_WARN_ENUM_CONVERSION = YES;
				CLANG_WARN_INFINITE_RECURSION = YES;
				CLANG_WARN_INT_CONVERSION = YES;
				CLANG_WARN_NON_LITERAL_NULL_CONVERSION = YES;
				CLANG_WARN_OBJC_IMPLICIT_RETAIN_SELF = YES;
				CLANG_WARN_OBJC_LITERAL_CONVERSION = YES;
				CLANG_WARN_OBJC_ROOT_CLASS = YES_ERROR;
				CLANG_WARN_QUOTED_INCLUDE_IN_FRAMEWORK_HEADER = YES;
				CLANG_WARN_RANGE_LOOP_ANALYSIS = YES;
				CLANG_WARN_STRICT_PROTOTYPES = YES;
				CLANG_WARN_SUSPICIOUS_MOVE = YES;
				CLANG_WARN_UNGUARDED_AVAILABILITY = YES_AGGRESSIVE;
				CLANG_WARN_UNREACHABLE_CODE = YES;
				CLANG_WARN__DUPLICATE_METHOD_MATCH = YES;
				COPY_PHASE_STRIP = NO;
				DEBUG_INFORMATION_FORMAT = dwarf;
				ENABLE_STRICT_OBJC_MSGSEND = YES;
				ENABLE_TESTABILITY = YES;
				GCC_C_LANGUAGE_STANDARD = gnu11;
				GCC_DYNAMIC_NO_PIC = NO;
				GCC_NO_COMMON_BLOCKS = YES;
				GCC_OPTIMIZATION_LEVEL = 0;
				GCC_PREPROCESSOR_DEFINITIONS = (
					"DEBUG=1",
					"$(inherited)",
				);
				GCC_WARN_64_TO_32_BIT_CONVERSION = YES;
				GCC_WARN_ABOUT_RETURN_TYPE = YES_ERROR;
				GCC_WARN_UNDECLARED_SELECTOR = YES;
				GCC_WARN_UNINITIALIZED_AUTOS = YES_AGGRESSIVE;
				GCC_WARN_UNUSED_FUNCTION = YES;
				GCC_WARN_UNUSED_VARIABLE = YES;
				IPHONEOS_DEPLOYMENT_TARGET = 15.5;
				MTL_ENABLE_DEBUG_INFO = INCLUDE_SOURCE;
				MTL_FAST_MATH = YES;
				ONLY_ACTIVE_ARCH = YES;
				SDKROOT = iphoneos;
				SWIFT_ACTIVE_COMPILATION_CONDITIONS = DEBUG;
				SWIFT_OPTIMIZATION_LEVEL = "-Onone";
			};
			name = Debug;
		};
		F96DF65128F7287900CE376E /* Release */ = {
			isa = XCBuildConfiguration;
			buildSettings = {
				ALWAYS_SEARCH_USER_PATHS = NO;
				CLANG_ANALYZER_NONNULL = YES;
				CLANG_ANALYZER_NUMBER_OBJECT_CONVERSION = YES_AGGRESSIVE;
				CLANG_CXX_LANGUAGE_STANDARD = "gnu++17";
				CLANG_ENABLE_MODULES = YES;
				CLANG_ENABLE_OBJC_ARC = YES;
				CLANG_ENABLE_OBJC_WEAK = YES;
				CLANG_WARN_BLOCK_CAPTURE_AUTORELEASING = YES;
				CLANG_WARN_BOOL_CONVERSION = YES;
				CLANG_WARN_COMMA = YES;
				CLANG_WARN_CONSTANT_CONVERSION = YES;
				CLANG_WARN_DEPRECATED_OBJC_IMPLEMENTATIONS = YES;
				CLANG_WARN_DIRECT_OBJC_ISA_USAGE = YES_ERROR;
				CLANG_WARN_DOCUMENTATION_COMMENTS = YES;
				CLANG_WARN_EMPTY_BODY = YES;
				CLANG_WARN_ENUM_CONVERSION = YES;
				CLANG_WARN_INFINITE_RECURSION = YES;
				CLANG_WARN_INT_CONVERSION = YES;
				CLANG_WARN_NON_LITERAL_NULL_CONVERSION = YES;
				CLANG_WARN_OBJC_IMPLICIT_RETAIN_SELF = YES;
				CLANG_WARN_OBJC_LITERAL_CONVERSION = YES;
				CLANG_WARN_OBJC_ROOT_CLASS = YES_ERROR;
				CLANG_WARN_QUOTED_INCLUDE_IN_FRAMEWORK_HEADER = YES;
				CLANG_WARN_RANGE_LOOP_ANALYSIS = YES;
				CLANG_WARN_STRICT_PROTOTYPES = YES;
				CLANG_WARN_SUSPICIOUS_MOVE = YES;
				CLANG_WARN_UNGUARDED_AVAILABILITY = YES_AGGRESSIVE;
				CLANG_WARN_UNREACHABLE_CODE = YES;
				CLANG_WARN__DUPLICATE_METHOD_MATCH = YES;
				COPY_PHASE_STRIP = NO;
				DEBUG_INFORMATION_FORMAT = "dwarf-with-dsym";
				ENABLE_NS_ASSERTIONS = NO;
				ENABLE_STRICT_OBJC_MSGSEND = YES;
				GCC_C_LANGUAGE_STANDARD = gnu11;
				GCC_NO_COMMON_BLOCKS = YES;
				GCC_WARN_64_TO_32_BIT_CONVERSION = YES;
				GCC_WARN_ABOUT_RETURN_TYPE = YES_ERROR;
				GCC_WARN_UNDECLARED_SELECTOR = YES;
				GCC_WARN_UNINITIALIZED_AUTOS = YES_AGGRESSIVE;
				GCC_WARN_UNUSED_FUNCTION = YES;
				GCC_WARN_UNUSED_VARIABLE = YES;
				IPHONEOS_DEPLOYMENT_TARGET = 15.5;
				MTL_ENABLE_DEBUG_INFO = NO;
				MTL_FAST_MATH = YES;
				SDKROOT = iphoneos;
				SWIFT_COMPILATION_MODE = wholemodule;
				SWIFT_OPTIMIZATION_LEVEL = "-O";
				VALIDATE_PRODUCT = YES;
			};
			name = Release;
		};
		F96DF65328F7287900CE376E /* Debug */ = {
			isa = XCBuildConfiguration;
			buildSettings = {
				ASSETCATALOG_COMPILER_APPICON_NAME = AppIcon;
				ASSETCATALOG_COMPILER_GLOBAL_ACCENT_COLOR_NAME = AccentColor;
				CODE_SIGN_STYLE = Automatic;
				CURRENT_PROJECT_VERSION = 1;
				DEVELOPMENT_TEAM = R2TF4J9L8G;
				GENERATE_INFOPLIST_FILE = YES;
				INFOPLIST_FILE = "Fanfic-ios-App/Info.plist";
				INFOPLIST_KEY_UIApplicationSupportsIndirectInputEvents = YES;
				INFOPLIST_KEY_UILaunchStoryboardName = LaunchScreen;
				INFOPLIST_KEY_UISupportedInterfaceOrientations = UIInterfaceOrientationPortrait;
				INFOPLIST_KEY_UISupportedInterfaceOrientations_iPad = "UIInterfaceOrientationPortrait UIInterfaceOrientationPortraitUpsideDown UIInterfaceOrientationLandscapeLeft UIInterfaceOrientationLandscapeRight";
				INFOPLIST_KEY_UISupportedInterfaceOrientations_iPhone = "UIInterfaceOrientationPortrait UIInterfaceOrientationLandscapeLeft UIInterfaceOrientationLandscapeRight";
				LD_RUNPATH_SEARCH_PATHS = (
					"$(inherited)",
					"@executable_path/Frameworks",
				);
				MARKETING_VERSION = 1.0;
				PRODUCT_BUNDLE_IDENTIFIER = "com.slavaglc.Fanfic-ios-App";
				PRODUCT_NAME = "$(TARGET_NAME)";
				SWIFT_EMIT_LOC_STRINGS = YES;
				SWIFT_VERSION = 5.0;
				TARGETED_DEVICE_FAMILY = "1,2";
			};
			name = Debug;
		};
		F96DF65428F7287900CE376E /* Release */ = {
			isa = XCBuildConfiguration;
			buildSettings = {
				ASSETCATALOG_COMPILER_APPICON_NAME = AppIcon;
				ASSETCATALOG_COMPILER_GLOBAL_ACCENT_COLOR_NAME = AccentColor;
				CODE_SIGN_STYLE = Automatic;
				CURRENT_PROJECT_VERSION = 1;
				DEVELOPMENT_TEAM = R2TF4J9L8G;
				GENERATE_INFOPLIST_FILE = YES;
				INFOPLIST_FILE = "Fanfic-ios-App/Info.plist";
				INFOPLIST_KEY_UIApplicationSupportsIndirectInputEvents = YES;
				INFOPLIST_KEY_UILaunchStoryboardName = LaunchScreen;
				INFOPLIST_KEY_UISupportedInterfaceOrientations = UIInterfaceOrientationPortrait;
				INFOPLIST_KEY_UISupportedInterfaceOrientations_iPad = "UIInterfaceOrientationPortrait UIInterfaceOrientationPortraitUpsideDown UIInterfaceOrientationLandscapeLeft UIInterfaceOrientationLandscapeRight";
				INFOPLIST_KEY_UISupportedInterfaceOrientations_iPhone = "UIInterfaceOrientationPortrait UIInterfaceOrientationLandscapeLeft UIInterfaceOrientationLandscapeRight";
				LD_RUNPATH_SEARCH_PATHS = (
					"$(inherited)",
					"@executable_path/Frameworks",
				);
				MARKETING_VERSION = 1.0;
				PRODUCT_BUNDLE_IDENTIFIER = "com.slavaglc.Fanfic-ios-App";
				PRODUCT_NAME = "$(TARGET_NAME)";
				SWIFT_EMIT_LOC_STRINGS = YES;
				SWIFT_VERSION = 5.0;
				TARGETED_DEVICE_FAMILY = "1,2";
			};
			name = Release;
		};
/* End XCBuildConfiguration section */

/* Begin XCConfigurationList section */
		F96DF63928F7287600CE376E /* Build configuration list for PBXProject "Fanfic-ios-App" */ = {
			isa = XCConfigurationList;
			buildConfigurations = (
				F96DF65028F7287900CE376E /* Debug */,
				F96DF65128F7287900CE376E /* Release */,
			);
			defaultConfigurationIsVisible = 0;
			defaultConfigurationName = Release;
		};
		F96DF65228F7287900CE376E /* Build configuration list for PBXNativeTarget "Fanfic-ios-App" */ = {
			isa = XCConfigurationList;
			buildConfigurations = (
				F96DF65328F7287900CE376E /* Debug */,
				F96DF65428F7287900CE376E /* Release */,
			);
			defaultConfigurationIsVisible = 0;
			defaultConfigurationName = Release;
		};
/* End XCConfigurationList section */
	};
	rootObject = F96DF63628F7287600CE376E /* Project object */;
}
